
Microsoft Visual Studio Solution File, Format Version 12.00
Project("{FAE04EC0-301F-11D3-BF4B-00C04F79EFBC}") = "Courts-Searchable-Dropdown", "Courts-Searchable-Dropdown\Courts-Searchable-Dropdown.csproj", "{864CEB87-52EF-4C26-9DFB-92A9745BEF36}"
EndProject
Global
	GlobalSection(SolutionConfigurationPlatforms) = preSolution
		Debug|Any CPU = Debug|Any CPU
		Release|Any CPU = Release|Any CPU
	EndGlobalSection
	GlobalSection(ProjectConfigurationPlatforms) = postSolution
		{864CEB87-52EF-4C26-9DFB-92A9745BEF36}.Debug|Any CPU.ActiveCfg = Debug|Any CPU
		{864CEB87-52EF-4C26-9DFB-92A9745BEF36}.Debug|Any CPU.Build.0 = Debug|Any CPU
		{864CEB87-52EF-4C26-9DFB-92A9745BEF36}.Release|Any CPU.ActiveCfg = Release|Any CPU
		{864CEB87-52EF-4C26-9DFB-92A9745BEF36}.Release|Any CPU.Build.0 = Release|Any CPU
	EndGlobalSection
EndGlobal
